// !$*UTF8*$!
{
	archiveVersion = 1;
	classes = {
	};
	objectVersion = 46;
	objects = {

/* Begin PBXBuildFile section */
		FA43F7271E2F434300034998 /* QRCodeIdentifyVC.m in Sources */ = {isa = PBXBuildFile; fileRef = FA43F7251E2F434300034998 /* QRCodeIdentifyVC.m */; };
		FA43F7281E2F434300034998 /* QRCodeIdentifyVC.xib in Resources */ = {isa = PBXBuildFile; fileRef = FA43F7261E2F434300034998 /* QRCodeIdentifyVC.xib */; };
		FA43F72C1E2F63C100034998 /* AlertController.m in Sources */ = {isa = PBXBuildFile; fileRef = FA43F72B1E2F63C100034998 /* AlertController.m */; };
		FAA1DE951E2DCD6A00F5EB2F /* main.m in Sources */ = {isa = PBXBuildFile; fileRef = FAA1DE941E2DCD6A00F5EB2F /* main.m */; };
		FAA1DE981E2DCD6A00F5EB2F /* AppDelegate.m in Sources */ = {isa = PBXBuildFile; fileRef = FAA1DE971E2DCD6A00F5EB2F /* AppDelegate.m */; };
		FAA1DE9B1E2DCD6A00F5EB2F /* ViewController.m in Sources */ = {isa = PBXBuildFile; fileRef = FAA1DE9A1E2DCD6A00F5EB2F /* ViewController.m */; };
		FAA1DE9E1E2DCD6A00F5EB2F /* Main.storyboard in Resources */ = {isa = PBXBuildFile; fileRef = FAA1DE9C1E2DCD6A00F5EB2F /* Main.storyboard */; };
		FAA1DEA01E2DCD6A00F5EB2F /* Assets.xcassets in Resources */ = {isa = PBXBuildFile; fileRef = FAA1DE9F1E2DCD6A00F5EB2F /* Assets.xcassets */; };
		FAA1DEA31E2DCD6A00F5EB2F /* LaunchScreen.storyboard in Resources */ = {isa = PBXBuildFile; fileRef = FAA1DEA11E2DCD6A00F5EB2F /* LaunchScreen.storyboard */; };
		FAA1DEAE1E2DCD6A00F5EB2F /* QRCodeTests.m in Sources */ = {isa = PBXBuildFile; fileRef = FAA1DEAD1E2DCD6A00F5EB2F /* QRCodeTests.m */; };
		FAA1DEB91E2DCD6A00F5EB2F /* QRCodeUITests.m in Sources */ = {isa = PBXBuildFile; fileRef = FAA1DEB81E2DCD6A00F5EB2F /* QRCodeUITests.m */; };
		FAA1DEC91E2DD07300F5EB2F /* QRCodeCreateVC.m in Sources */ = {isa = PBXBuildFile; fileRef = FAA1DEC71E2DD07300F5EB2F /* QRCodeCreateVC.m */; };
		FAA1DECA1E2DD07300F5EB2F /* QRCodeCreateVC.xib in Resources */ = {isa = PBXBuildFile; fileRef = FAA1DEC81E2DD07300F5EB2F /* QRCodeCreateVC.xib */; };
		FAA1DECD1E2DF9B600F5EB2F /* QRCodeTool.m in Sources */ = {isa = PBXBuildFile; fileRef = FAA1DECC1E2DF9B600F5EB2F /* QRCodeTool.m */; };
/* End PBXBuildFile section */

/* Begin PBXContainerItemProxy section */
		FAA1DEAA1E2DCD6A00F5EB2F /* PBXContainerItemProxy */ = {
			isa = PBXContainerItemProxy;
			containerPortal = FAA1DE881E2DCD6A00F5EB2F /* Project object */;
			proxyType = 1;
			remoteGlobalIDString = FAA1DE8F1E2DCD6A00F5EB2F;
			remoteInfo = QRCode;
		};
		FAA1DEB51E2DCD6A00F5EB2F /* PBXContainerItemProxy */ = {
			isa = PBXContainerItemProxy;
			containerPortal = FAA1DE881E2DCD6A00F5EB2F /* Project object */;
			proxyType = 1;
			remoteGlobalIDString = FAA1DE8F1E2DCD6A00F5EB2F;
			remoteInfo = QRCode;
		};
/* End PBXContainerItemProxy section */

/* Begin PBXFileReference section */
		FA43F7241E2F434300034998 /* QRCodeIdentifyVC.h */ = {isa = PBXFileReference; fileEncoding = 4; lastKnownFileType = sourcecode.c.h; path = QRCodeIdentifyVC.h; sourceTree = "<group>"; };
		FA43F7251E2F434300034998 /* QRCodeIdentifyVC.m */ = {isa = PBXFileReference; fileEncoding = 4; lastKnownFileType = sourcecode.c.objc; path = QRCodeIdentifyVC.m; sourceTree = "<group>"; };
		FA43F7261E2F434300034998 /* QRCodeIdentifyVC.xib */ = {isa = PBXFileReference; fileEncoding = 4; lastKnownFileType = file.xib; path = QRCodeIdentifyVC.xib; sourceTree = "<group>"; };
		FA43F72A1E2F63C100034998 /* AlertController.h */ = {isa = PBXFileReference; fileEncoding = 4; lastKnownFileType = sourcecode.c.h; path = AlertController.h; sourceTree = "<group>"; };
		FA43F72B1E2F63C100034998 /* AlertController.m */ = {isa = PBXFileReference; fileEncoding = 4; lastKnownFileType = sourcecode.c.objc; path = AlertController.m; sourceTree = "<group>"; };
		FAA1DE901E2DCD6A00F5EB2F /* QRCode.app */ = {isa = PBXFileReference; explicitFileType = wrapper.application; includeInIndex = 0; path = QRCode.app; sourceTree = BUILT_PRODUCTS_DIR; };
		FAA1DE941E2DCD6A00F5EB2F /* main.m */ = {isa = PBXFileReference; lastKnownFileType = sourcecode.c.objc; path = main.m; sourceTree = "<group>"; };
		FAA1DE961E2DCD6A00F5EB2F /* AppDelegate.h */ = {isa = PBXFileReference; lastKnownFileType = sourcecode.c.h; path = AppDelegate.h; sourceTree = "<group>"; };
		FAA1DE971E2DCD6A00F5EB2F /* AppDelegate.m */ = {isa = PBXFileReference; lastKnownFileType = sourcecode.c.objc; path = AppDelegate.m; sourceTree = "<group>"; };
		FAA1DE991E2DCD6A00F5EB2F /* ViewController.h */ = {isa = PBXFileReference; lastKnownFileType = sourcecode.c.h; path = ViewController.h; sourceTree = "<group>"; };
		FAA1DE9A1E2DCD6A00F5EB2F /* ViewController.m */ = {isa = PBXFileReference; lastKnownFileType = sourcecode.c.objc; path = ViewController.m; sourceTree = "<group>"; };
		FAA1DE9D1E2DCD6A00F5EB2F /* Base */ = {isa = PBXFileReference; lastKnownFileType = file.storyboard; name = Base; path = Base.lproj/Main.storyboard; sourceTree = "<group>"; };
		FAA1DE9F1E2DCD6A00F5EB2F /* Assets.xcassets */ = {isa = PBXFileReference; lastKnownFileType = folder.assetcatalog; path = Assets.xcassets; sourceTree = "<group>"; };
		FAA1DEA21E2DCD6A00F5EB2F /* Base */ = {isa = PBXFileReference; lastKnownFileType = file.storyboard; name = Base; path = Base.lproj/LaunchScreen.storyboard; sourceTree = "<group>"; };
		FAA1DEA41E2DCD6A00F5EB2F /* Info.plist */ = {isa = PBXFileReference; lastKnownFileType = text.plist.xml; path = Info.plist; sourceTree = "<group>"; };
		FAA1DEA91E2DCD6A00F5EB2F /* QRCodeTests.xctest */ = {isa = PBXFileReference; explicitFileType = wrapper.cfbundle; includeInIndex = 0; path = QRCodeTests.xctest; sourceTree = BUILT_PRODUCTS_DIR; };
		FAA1DEAD1E2DCD6A00F5EB2F /* QRCodeTests.m */ = {isa = PBXFileReference; lastKnownFileType = sourcecode.c.objc; path = QRCodeTests.m; sourceTree = "<group>"; };
		FAA1DEAF1E2DCD6A00F5EB2F /* Info.plist */ = {isa = PBXFileReference; lastKnownFileType = text.plist.xml; path = Info.plist; sourceTree = "<group>"; };
		FAA1DEB41E2DCD6A00F5EB2F /* QRCodeUITests.xctest */ = {isa = PBXFileReference; explicitFileType = wrapper.cfbundle; includeInIndex = 0; path = QRCodeUITests.xctest; sourceTree = BUILT_PRODUCTS_DIR; };
		FAA1DEB81E2DCD6A00F5EB2F /* QRCodeUITests.m */ = {isa = PBXFileReference; lastKnownFileType = sourcecode.c.objc; path = QRCodeUITests.m; sourceTree = "<group>"; };
		FAA1DEBA1E2DCD6A00F5EB2F /* Info.plist */ = {isa = PBXFileReference; lastKnownFileType = text.plist.xml; path = Info.plist; sourceTree = "<group>"; };
		FAA1DEC61E2DD07300F5EB2F /* QRCodeCreateVC.h */ = {isa = PBXFileReference; fileEncoding = 4; lastKnownFileType = sourcecode.c.h; path = QRCodeCreateVC.h; sourceTree = "<group>"; };
		FAA1DEC71E2DD07300F5EB2F /* QRCodeCreateVC.m */ = {isa = PBXFileReference; fileEncoding = 4; lastKnownFileType = sourcecode.c.objc; path = QRCodeCreateVC.m; sourceTree = "<group>"; };
		FAA1DEC81E2DD07300F5EB2F /* QRCodeCreateVC.xib */ = {isa = PBXFileReference; fileEncoding = 4; lastKnownFileType = file.xib; path = QRCodeCreateVC.xib; sourceTree = "<group>"; };
		FAA1DECB1E2DF9B600F5EB2F /* QRCodeTool.h */ = {isa = PBXFileReference; fileEncoding = 4; lastKnownFileType = sourcecode.c.h; path = QRCodeTool.h; sourceTree = "<group>"; };
		FAA1DECC1E2DF9B600F5EB2F /* QRCodeTool.m */ = {isa = PBXFileReference; fileEncoding = 4; lastKnownFileType = sourcecode.c.objc; path = QRCodeTool.m; sourceTree = "<group>"; };
/* End PBXFileReference section */

/* Begin PBXFrameworksBuildPhase section */
		FAA1DE8D1E2DCD6A00F5EB2F /* Frameworks */ = {
			isa = PBXFrameworksBuildPhase;
			buildActionMask = 2147483647;
			files = (
			);
			runOnlyForDeploymentPostprocessing = 0;
		};
		FAA1DEA61E2DCD6A00F5EB2F /* Frameworks */ = {
			isa = PBXFrameworksBuildPhase;
			buildActionMask = 2147483647;
			files = (
			);
			runOnlyForDeploymentPostprocessing = 0;
		};
		FAA1DEB11E2DCD6A00F5EB2F /* Frameworks */ = {
			isa = PBXFrameworksBuildPhase;
			buildActionMask = 2147483647;
			files = (
			);
			runOnlyForDeploymentPostprocessing = 0;
		};
/* End PBXFrameworksBuildPhase section */

/* Begin PBXGroup section */
		FA43F7291E2F45ED00034998 /* Library */ = {
			isa = PBXGroup;
			children = (
				FAA1DECB1E2DF9B600F5EB2F /* QRCodeTool.h */,
				FAA1DECC1E2DF9B600F5EB2F /* QRCodeTool.m */,
				FA43F72A1E2F63C100034998 /* AlertController.h */,
				FA43F72B1E2F63C100034998 /* AlertController.m */,
			);
			name = Library;
			sourceTree = "<group>";
		};
		FAA1DE871E2DCD6A00F5EB2F = {
			isa = PBXGroup;
			children = (
				FAA1DE921E2DCD6A00F5EB2F /* QRCode */,
				FAA1DEAC1E2DCD6A00F5EB2F /* QRCodeTests */,
				FAA1DEB71E2DCD6A00F5EB2F /* QRCodeUITests */,
				FAA1DE911E2DCD6A00F5EB2F /* Products */,
			);
			sourceTree = "<group>";
		};
		FAA1DE911E2DCD6A00F5EB2F /* Products */ = {
			isa = PBXGroup;
			children = (
				FAA1DE901E2DCD6A00F5EB2F /* QRCode.app */,
				FAA1DEA91E2DCD6A00F5EB2F /* QRCodeTests.xctest */,
				FAA1DEB41E2DCD6A00F5EB2F /* QRCodeUITests.xctest */,
			);
			name = Products;
			sourceTree = "<group>";
		};
		FAA1DE921E2DCD6A00F5EB2F /* QRCode */ = {
			isa = PBXGroup;
			children = (
				FAA1DE961E2DCD6A00F5EB2F /* AppDelegate.h */,
				FAA1DE971E2DCD6A00F5EB2F /* AppDelegate.m */,
				FA43F7291E2F45ED00034998 /* Library */,
				FAA1DE991E2DCD6A00F5EB2F /* ViewController.h */,
				FAA1DE9A1E2DCD6A00F5EB2F /* ViewController.m */,
				FA43F7241E2F434300034998 /* QRCodeIdentifyVC.h */,
				FA43F7251E2F434300034998 /* QRCodeIdentifyVC.m */,
				FA43F7261E2F434300034998 /* QRCodeIdentifyVC.xib */,
				FAA1DEC61E2DD07300F5EB2F /* QRCodeCreateVC.h */,
				FAA1DEC71E2DD07300F5EB2F /* QRCodeCreateVC.m */,
				FAA1DEC81E2DD07300F5EB2F /* QRCodeCreateVC.xib */,
				FAA1DE9C1E2DCD6A00F5EB2F /* Main.storyboard */,
				FAA1DE9F1E2DCD6A00F5EB2F /* Assets.xcassets */,
				FAA1DEA11E2DCD6A00F5EB2F /* LaunchScreen.storyboard */,
				FAA1DEA41E2DCD6A00F5EB2F /* Info.plist */,
				FAA1DE931E2DCD6A00F5EB2F /* Supporting Files */,
			);
			path = QRCode;
			sourceTree = "<group>";
		};
		FAA1DE931E2DCD6A00F5EB2F /* Supporting Files */ = {
			isa = PBXGroup;
			children = (
				FAA1DE941E2DCD6A00F5EB2F /* main.m */,
			);
			name = "Supporting Files";
			sourceTree = "<group>";
		};
		FAA1DEAC1E2DCD6A00F5EB2F /* QRCodeTests */ = {
			isa = PBXGroup;
			children = (
				FAA1DEAD1E2DCD6A00F5EB2F /* QRCodeTests.m */,
				FAA1DEAF1E2DCD6A00F5EB2F /* Info.plist */,
			);
			path = QRCodeTests;
			sourceTree = "<group>";
		};
		FAA1DEB71E2DCD6A00F5EB2F /* QRCodeUITests */ = {
			isa = PBXGroup;
			children = (
				FAA1DEB81E2DCD6A00F5EB2F /* QRCodeUITests.m */,
				FAA1DEBA1E2DCD6A00F5EB2F /* Info.plist */,
			);
			path = QRCodeUITests;
			sourceTree = "<group>";
		};
/* End PBXGroup section */

/* Begin PBXNativeTarget section */
		FAA1DE8F1E2DCD6A00F5EB2F /* QRCode */ = {
			isa = PBXNativeTarget;
			buildConfigurationList = FAA1DEBD1E2DCD6A00F5EB2F /* Build configuration list for PBXNativeTarget "QRCode" */;
			buildPhases = (
				FAA1DE8C1E2DCD6A00F5EB2F /* Sources */,
				FAA1DE8D1E2DCD6A00F5EB2F /* Frameworks */,
				FAA1DE8E1E2DCD6A00F5EB2F /* Resources */,
			);
			buildRules = (
			);
			dependencies = (
			);
			name = QRCode;
			productName = QRCode;
			productReference = FAA1DE901E2DCD6A00F5EB2F /* QRCode.app */;
			productType = "com.apple.product-type.application";
		};
		FAA1DEA81E2DCD6A00F5EB2F /* QRCodeTests */ = {
			isa = PBXNativeTarget;
			buildConfigurationList = FAA1DEC01E2DCD6A00F5EB2F /* Build configuration list for PBXNativeTarget "QRCodeTests" */;
			buildPhases = (
				FAA1DEA51E2DCD6A00F5EB2F /* Sources */,
				FAA1DEA61E2DCD6A00F5EB2F /* Frameworks */,
				FAA1DEA71E2DCD6A00F5EB2F /* Resources */,
			);
			buildRules = (
			);
			dependencies = (
				FAA1DEAB1E2DCD6A00F5EB2F /* PBXTargetDependency */,
			);
			name = QRCodeTests;
			productName = QRCodeTests;
			productReference = FAA1DEA91E2DCD6A00F5EB2F /* QRCodeTests.xctest */;
			productType = "com.apple.product-type.bundle.unit-test";
		};
		FAA1DEB31E2DCD6A00F5EB2F /* QRCodeUITests */ = {
			isa = PBXNativeTarget;
			buildConfigurationList = FAA1DEC31E2DCD6A00F5EB2F /* Build configuration list for PBXNativeTarget "QRCodeUITests" */;
			buildPhases = (
				FAA1DEB01E2DCD6A00F5EB2F /* Sources */,
				FAA1DEB11E2DCD6A00F5EB2F /* Frameworks */,
				FAA1DEB21E2DCD6A00F5EB2F /* Resources */,
			);
			buildRules = (
			);
			dependencies = (
				FAA1DEB61E2DCD6A00F5EB2F /* PBXTargetDependency */,
			);
			name = QRCodeUITests;
			productName = QRCodeUITests;
			productReference = FAA1DEB41E2DCD6A00F5EB2F /* QRCodeUITests.xctest */;
			productType = "com.apple.product-type.bundle.ui-testing";
		};
/* End PBXNativeTarget section */

/* Begin PBXProject section */
		FAA1DE881E2DCD6A00F5EB2F /* Project object */ = {
			isa = PBXProject;
			attributes = {
				LastUpgradeCheck = 0820;
				ORGANIZATIONNAME = shenzhenshihua;
				TargetAttributes = {
					FAA1DE8F1E2DCD6A00F5EB2F = {
						CreatedOnToolsVersion = 8.2.1;
						DevelopmentTeam = G4E6298X77;
						ProvisioningStyle = Automatic;
					};
					FAA1DEA81E2DCD6A00F5EB2F = {
						CreatedOnToolsVersion = 8.2.1;
						DevelopmentTeam = G4E6298X77;
						ProvisioningStyle = Automatic;
						TestTargetID = FAA1DE8F1E2DCD6A00F5EB2F;
					};
					FAA1DEB31E2DCD6A00F5EB2F = {
						CreatedOnToolsVersion = 8.2.1;
						DevelopmentTeam = G4E6298X77;
						ProvisioningStyle = Automatic;
						TestTargetID = FAA1DE8F1E2DCD6A00F5EB2F;
					};
				};
			};
			buildConfigurationList = FAA1DE8B1E2DCD6A00F5EB2F /* Build configuration list for PBXProject "QRCode" */;
			compatibilityVersion = "Xcode 3.2";
			developmentRegion = English;
			hasScannedForEncodings = 0;
			knownRegions = (
				en,
				Base,
			);
			mainGroup = FAA1DE871E2DCD6A00F5EB2F;
			productRefGroup = FAA1DE911E2DCD6A00F5EB2F /* Products */;
			projectDirPath = "";
			projectRoot = "";
			targets = (
				FAA1DE8F1E2DCD6A00F5EB2F /* QRCode */,
				FAA1DEA81E2DCD6A00F5EB2F /* QRCodeTests */,
				FAA1DEB31E2DCD6A00F5EB2F /* QRCodeUITests */,
			);
		};
/* End PBXProject section */

/* Begin PBXResourcesBuildPhase section */
		FAA1DE8E1E2DCD6A00F5EB2F /* Resources */ = {
			isa = PBXResourcesBuildPhase;
			buildActionMask = 2147483647;
			files = (
				FAA1DEA31E2DCD6A00F5EB2F /* LaunchScreen.storyboard in Resources */,
				FA43F7281E2F434300034998 /* QRCodeIdentifyVC.xib in Resources */,
				FAA1DEA01E2DCD6A00F5EB2F /* Assets.xcassets in Resources */,
				FAA1DECA1E2DD07300F5EB2F /* QRCodeCreateVC.xib in Resources */,
				FAA1DE9E1E2DCD6A00F5EB2F /* Main.storyboard in Resources */,
			);
			runOnlyForDeploymentPostprocessing = 0;
		};
		FAA1DEA71E2DCD6A00F5EB2F /* Resources */ = {
			isa = PBXResourcesBuildPhase;
			buildActionMask = 2147483647;
			files = (
			);
			runOnlyForDeploymentPostprocessing = 0;
		};
		FAA1DEB21E2DCD6A00F5EB2F /* Resources */ = {
			isa = PBXResourcesBuildPhase;
			buildActionMask = 2147483647;
			files = (
			);
			runOnlyForDeploymentPostprocessing = 0;
		};
/* End PBXResourcesBuildPhase section */

/* Begin PBXSourcesBuildPhase section */
		FAA1DE8C1E2DCD6A00F5EB2F /* Sources */ = {
			isa = PBXSourcesBuildPhase;
			buildActionMask = 2147483647;
			files = (
				FA43F72C1E2F63C100034998 /* AlertController.m in Sources */,
				FAA1DE9B1E2DCD6A00F5EB2F /* ViewController.m in Sources */,
				FAA1DE981E2DCD6A00F5EB2F /* AppDelegate.m in Sources */,
				FA43F7271E2F434300034998 /* QRCodeIdentifyVC.m in Sources */,
				FAA1DECD1E2DF9B600F5EB2F /* QRCodeTool.m in Sources */,
				FAA1DEC91E2DD07300F5EB2F /* QRCodeCreateVC.m in Sources */,
				FAA1DE951E2DCD6A00F5EB2F /* main.m in Sources */,
			);
			runOnlyForDeploymentPostprocessing = 0;
		};
		FAA1DEA51E2DCD6A00F5EB2F /* Sources */ = {
			isa = PBXSourcesBuildPhase;
			buildActionMask = 2147483647;
			files = (
				FAA1DEAE1E2DCD6A00F5EB2F /* QRCodeTests.m in Sources */,
			);
			runOnlyForDeploymentPostprocessing = 0;
		};
		FAA1DEB01E2DCD6A00F5EB2F /* Sources */ = {
			isa = PBXSourcesBuildPhase;
			buildActionMask = 2147483647;
			files = (
				FAA1DEB91E2DCD6A00F5EB2F /* QRCodeUITests.m in Sources */,
			);
			runOnlyForDeploymentPostprocessing = 0;
		};
/* End PBXSourcesBuildPhase section */

/* Begin PBXTargetDependency section */
		FAA1DEAB1E2DCD6A00F5EB2F /* PBXTargetDependency */ = {
			isa = PBXTargetDependency;
			target = FAA1DE8F1E2DCD6A00F5EB2F /* QRCode */;
			targetProxy = FAA1DEAA1E2DCD6A00F5EB2F /* PBXContainerItemProxy */;
		};
		FAA1DEB61E2DCD6A00F5EB2F /* PBXTargetDependency */ = {
			isa = PBXTargetDependency;
			target = FAA1DE8F1E2DCD6A00F5EB2F /* QRCode */;
			targetProxy = FAA1DEB51E2DCD6A00F5EB2F /* PBXContainerItemProxy */;
		};
/* End PBXTargetDependency section */

/* Begin PBXVariantGroup section */
		FAA1DE9C1E2DCD6A00F5EB2F /* Main.storyboard */ = {
			isa = PBXVariantGroup;
			children = (
				FAA1DE9D1E2DCD6A00F5EB2F /* Base */,
			);
			name = Main.storyboard;
			sourceTree = "<group>";
		};
		FAA1DEA11E2DCD6A00F5EB2F /* LaunchScreen.storyboard */ = {
			isa = PBXVariantGroup;
			children = (
				FAA1DEA21E2DCD6A00F5EB2F /* Base */,
			);
			name = LaunchScreen.storyboard;
			sourceTree = "<group>";
		};
/* End PBXVariantGroup section */

/* Begin XCBuildConfiguration section */
		FAA1DEBB1E2DCD6A00F5EB2F /* Debug */ = {
			isa = XCBuildConfiguration;
			buildSettings = {
				ALWAYS_SEARCH_USER_PATHS = NO;
				CLANG_ANALYZER_NONNULL = YES;
				CLANG_CXX_LANGUAGE_STANDARD = "gnu++0x";
				CLANG_CXX_LIBRARY = "libc++";
				CLANG_ENABLE_MODULES = YES;
				CLANG_ENABLE_OBJC_ARC = YES;
				CLANG_WARN_BOOL_CONVERSION = YES;
				CLANG_WARN_CONSTANT_CONVERSION = YES;
				CLANG_WARN_DIRECT_OBJC_ISA_USAGE = YES_ERROR;
				CLANG_WARN_DOCUMENTATION_COMMENTS = YES;
				CLANG_WARN_EMPTY_BODY = YES;
				CLANG_WARN_ENUM_CONVERSION = YES;
				CLANG_WARN_INFINITE_RECURSION = YES;
				CLANG_WARN_INT_CONVERSION = YES;
				CLANG_WARN_OBJC_ROOT_CLASS = YES_ERROR;
				CLANG_WARN_SUSPICIOUS_MOVE = YES;
				CLANG_WARN_UNREACHABLE_CODE = YES;
				CLANG_WARN__DUPLICATE_METHOD_MATCH = YES;
				"CODE_SIGN_IDENTITY[sdk=iphoneos*]" = "iPhone Developer";
				COPY_PHASE_STRIP = NO;
				DEBUG_INFORMATION_FORMAT = dwarf;
				ENABLE_STRICT_OBJC_MSGSEND = YES;
				ENABLE_TESTABILITY = YES;
				GCC_C_LANGUAGE_STANDARD = gnu99;
				GCC_DYNAMIC_NO_PIC = NO;
				GCC_NO_COMMON_BLOCKS = YES;
				GCC_OPTIMIZATION_LEVEL = 0;
				GCC_PREPROCESSOR_DEFINITIONS = (
					"DEBUG=1",
					"$(inherited)",
				);
				GCC_WARN_64_TO_32_BIT_CONVERSION = YES;
				GCC_WARN_ABOUT_RETURN_TYPE = YES_ERROR;
				GCC_WARN_UNDECLARED_SELECTOR = YES;
				GCC_WARN_UNINITIALIZED_AUTOS = YES_AGGRESSIVE;
				GCC_WARN_UNUSED_FUNCTION = YES;
				GCC_WARN_UNUSED_VARIABLE = YES;
				IPHONEOS_DEPLOYMENT_TARGET = 10.2;
				MTL_ENABLE_DEBUG_INFO = YES;
				ONLY_ACTIVE_ARCH = YES;
				SDKROOT = iphoneos;
				TARGETED_DEVICE_FAMILY = "1,2";
			};
			name = Debug;
		};
		FAA1DEBC1E2DCD6A00F5EB2F /* Release */ = {
			isa = XCBuildConfiguration;
			buildSettings = {
				ALWAYS_SEARCH_USER_PATHS = NO;
				CLANG_ANALYZER_NONNULL = YES;
				CLANG_CXX_LANGUAGE_STANDARD = "gnu++0x";
				CLANG_CXX_LIBRARY = "libc++";
				CLANG_ENABLE_MODULES = YES;
				CLANG_ENABLE_OBJC_ARC = YES;
				CLANG_WARN_BOOL_CONVERSION = YES;
				CLANG_WARN_CONSTANT_CONVERSION = YES;
				CLANG_WARN_DIRECT_OBJC_ISA_USAGE = YES_ERROR;
				CLANG_WARN_DOCUMENTATION_COMMENTS = YES;
				CLANG_WARN_EMPTY_BODY = YES;
				CLANG_WARN_ENUM_CONVERSION = YES;
				CLANG_WARN_INFINITE_RECURSION = YES;
				CLANG_WARN_INT_CONVERSION = YES;
				CLANG_WARN_OBJC_ROOT_CLASS = YES_ERROR;
				CLANG_WARN_SUSPICIOUS_MOVE = YES;
				CLANG_WARN_UNREACHABLE_CODE = YES;
				CLANG_WARN__DUPLICATE_METHOD_MATCH = YES;
				"CODE_SIGN_IDENTITY[sdk=iphoneos*]" = "iPhone Developer";
				COPY_PHASE_STRIP = NO;
				DEBUG_INFORMATION_FORMAT = "dwarf-with-dsym";
				ENABLE_NS_ASSERTIONS = NO;
				ENABLE_STRICT_OBJC_MSGSEND = YES;
				GCC_C_LANGUAGE_STANDARD = gnu99;
				GCC_NO_COMMON_BLOCKS = YES;
				GCC_WARN_64_TO_32_BIT_CONVERSION = YES;
				GCC_WARN_ABOUT_RETURN_TYPE = YES_ERROR;
				GCC_WARN_UNDECLARED_SELECTOR = YES;
				GCC_WARN_UNINITIALIZED_AUTOS = YES_AGGRESSIVE;
				GCC_WARN_UNUSED_FUNCTION = YES;
				GCC_WARN_UNUSED_VARIABLE = YES;
				IPHONEOS_DEPLOYMENT_TARGET = 10.2;
				MTL_ENABLE_DEBUG_INFO = NO;
				SDKROOT = iphoneos;
				TARGETED_DEVICE_FAMILY = "1,2";
				VALIDATE_PRODUCT = YES;
			};
			name = Release;
		};
		FAA1DEBE1E2DCD6A00F5EB2F /* Debug */ = {
			isa = XCBuildConfiguration;
			buildSettings = {
				ASSETCATALOG_COMPILER_APPICON_NAME = AppIcon;
				DEVELOPMENT_TEAM = G4E6298X77;
				INFOPLIST_FILE = QRCode/Info.plist;
				IPHONEOS_DEPLOYMENT_TARGET = 8.0;
				LD_RUNPATH_SEARCH_PATHS = "$(inherited) @executable_path/Frameworks";
				PRODUCT_BUNDLE_IDENTIFIER = SH.QRCode;
				PRODUCT_NAME = "$(TARGET_NAME)";
			};
			name = Debug;
		};
		FAA1DEBF1E2DCD6A00F5EB2F /* Release */ = {
			isa = XCBuildConfiguration;
			buildSettings = {
				ASSETCATALOG_COMPILER_APPICON_NAME = AppIcon;
				DEVELOPMENT_TEAM = G4E6298X77;
				INFOPLIST_FILE = QRCode/Info.plist;
				IPHONEOS_DEPLOYMENT_TARGET = 8.0;
				LD_RUNPATH_SEARCH_PATHS = "$(inherited) @executable_path/Frameworks";
				PRODUCT_BUNDLE_IDENTIFIER = SH.QRCode;
				PRODUCT_NAME = "$(TARGET_NAME)";
			};
			name = Release;
		};
		FAA1DEC11E2DCD6A00F5EB2F /* Debug */ = {
			isa = XCBuildConfiguration;
			buildSettings = {
				BUNDLE_LOADER = "$(TEST_HOST)";
				DEVELOPMENT_TEAM = G4E6298X77;
				INFOPLIST_FILE = QRCodeTests/Info.plist;
				LD_RUNPATH_SEARCH_PATHS = "$(inherited) @executable_path/Frameworks @loader_path/Frameworks";
				PRODUCT_BUNDLE_IDENTIFIER = SH.QRCodeTests;
				PRODUCT_NAME = "$(TARGET_NAME)";
				TEST_HOST = "$(BUILT_PRODUCTS_DIR)/QRCode.app/QRCode";
			};
			name = Debug;
		};
		FAA1DEC21E2DCD6A00F5EB2F /* Release */ = {
			isa = XCBuildConfiguration;
			buildSettings = {
				BUNDLE_LOADER = "$(TEST_HOST)";
				DEVELOPMENT_TEAM = G4E6298X77;
				INFOPLIST_FILE = QRCodeTests/Info.plist;
				LD_RUNPATH_SEARCH_PATHS = "$(inherited) @executable_path/Frameworks @loader_path/Frameworks";
				PRODUCT_BUNDLE_IDENTIFIER = SH.QRCodeTests;
				PRODUCT_NAME = "$(TARGET_NAME)";
				TEST_HOST = "$(BUILT_PRODUCTS_DIR)/QRCode.app/QRCode";
			};
			name = Release;
		};
		FAA1DEC41E2DCD6A00F5EB2F /* Debug */ = {
			isa = XCBuildConfiguration;
			buildSettings = {
				DEVELOPMENT_TEAM = G4E6298X77;
				INFOPLIST_FILE = QRCodeUITests/Info.plist;
				LD_RUNPATH_SEARCH_PATHS = "$(inherited) @executable_path/Frameworks @loader_path/Frameworks";
				PRODUCT_BUNDLE_IDENTIFIER = SH.QRCodeUITests;
				PRODUCT_NAME = "$(TARGET_NAME)";
				TEST_TARGET_NAME = QRCode;
			};
			name = Debug;
		};
		FAA1DEC51E2DCD6A00F5EB2F /* Release */ = {
			isa = XCBuildConfiguration;
			buildSettings = {
				DEVELOPMENT_TEAM = G4E6298X77;
				INFOPLIST_FILE = QRCodeUITests/Info.plist;
				LD_RUNPATH_SEARCH_PATHS = "$(inherited) @executable_path/Frameworks @loader_path/Frameworks";
				PRODUCT_BUNDLE_IDENTIFIER = SH.QRCodeUITests;
				PRODUCT_NAME = "$(TARGET_NAME)";
				TEST_TARGET_NAME = QRCode;
			};
			name = Release;
		};
/* End XCBuildConfiguration section */

/* Begin XCConfigurationList section */
		FAA1DE8B1E2DCD6A00F5EB2F /* Build configuration list for PBXProject "QRCode" */ = {
			isa = XCConfigurationList;
			buildConfigurations = (
				FAA1DEBB1E2DCD6A00F5EB2F /* Debug */,
				FAA1DEBC1E2DCD6A00F5EB2F /* Release */,
			);
			defaultConfigurationIsVisible = 0;
			defaultConfigurationName = Release;
		};
		FAA1DEBD1E2DCD6A00F5EB2F /* Build configuration list for PBXNativeTarget "QRCode" */ = {
			isa = XCConfigurationList;
			buildConfigurations = (
				FAA1DEBE1E2DCD6A00F5EB2F /* Debug */,
				FAA1DEBF1E2DCD6A00F5EB2F /* Release */,
			);
			defaultConfigurationIsVisible = 0;
			defaultConfigurationName = Release;
		};
		FAA1DEC01E2DCD6A00F5EB2F /* Build configuration list for PBXNativeTarget "QRCodeTests" */ = {
			isa = XCConfigurationList;
			buildConfigurations = (
				FAA1DEC11E2DCD6A00F5EB2F /* Debug */,
				FAA1DEC21E2DCD6A00F5EB2F /* Release */,
			);
			defaultConfigurationIsVisible = 0;
			defaultConfigurationName = Release;
		};
		FAA1DEC31E2DCD6A00F5EB2F /* Build configuration list for PBXNativeTarget "QRCodeUITests" */ = {
			isa = XCConfigurationList;
			buildConfigurations = (
				FAA1DEC41E2DCD6A00F5EB2F /* Debug */,
				FAA1DEC51E2DCD6A00F5EB2F /* Release */,
			);
			defaultConfigurationIsVisible = 0;
			defaultConfigurationName = Release;
		};
/* End XCConfigurationList section */
	};
	rootObject = FAA1DE881E2DCD6A00F5EB2F /* Project object */;
}
